{
  "name": "app01",
  "lockfileVersion": 2,
  "requires": true,
  "packages": {
    "": {
      "dependencies": {
        "sscaffold-css": "^0.1.1"
      }
    },
    "node_modules/sscaffold-css": {
      "version": "0.1.1",
      "resolved": "https://registry.npmjs.org/sscaffold-css/-/sscaffold-css-0.1.1.tgz",
      "integrity": "sha512-F1/UZKyp/Bmo7yo/uVvxa7HeMRjt/L5AxqEV2W2ZeVl89sXPGecjCi2scI4ARmF0iNBr7/Y1Beh+KghjXYOv8w=="
    }
  },
  "dependencies": {
    "sscaffold-css": {
      "version": "0.1.1",
      "resolved": "https://registry.npmjs.org/sscaffold-css/-/sscaffold-css-0.1.1.tgz",
      "integrity": "sha512-F1/UZKyp/Bmo7yo/uVvxa7HeMRjt/L5AxqEV2W2ZeVl89sXPGecjCi2scI4ARmF0iNBr7/Y1Beh+KghjXYOv8w=="
    }
  }
}
